
Microsoft Visual Studio Solution File, Format Version 12.00
# Visual Studio Version 17
VisualStudioVersion = 17.7.34009.444
MinimumVisualStudioVersion = 10.0.40219.1
Project("{FAE04EC0-301F-11D3-BF4B-00C04F79EFBC}") = "VirtualDars.Demo.SQLInjection", "VirtualDars.Demo.SQLInjection.csproj", "{126C1539-83EB-4786-AC23-239CB105B394}"
EndProject
Global
	GlobalSection(SolutionConfigurationPlatforms) = preSolution
		Debug|Any CPU = Debug|Any CPU
		Release|Any CPU = Release|Any CPU
	EndGlobalSection
	GlobalSection(ProjectConfigurationPlatforms) = postSolution
		{126C1539-83EB-4786-AC23-239CB105B394}.Debug|Any CPU.ActiveCfg = Debug|Any CPU
		{126C1539-83EB-4786-AC23-239CB105B394}.Debug|Any CPU.Build.0 = Debug|Any CPU
		{126C1539-83EB-4786-AC23-239CB105B394}.Release|Any CPU.ActiveCfg = Release|Any CPU
		{126C1539-83EB-4786-AC23-239CB105B394}.Release|Any CPU.Build.0 = Release|Any CPU
	EndGlobalSection
	GlobalSection(SolutionProperties) = preSolution
		HideSolutionNode = FALSE
	EndGlobalSection
	GlobalSection(ExtensibilityGlobals) = postSolution
		SolutionGuid = {65AF7599-BCE9-4818-9042-B428AA5760F6}
	EndGlobalSection
EndGlobal
